// !$*UTF8*$!
{
	archiveVersion = 1;
	classes = {
	};
	objectVersion = 45;
	objects = {

/* Begin PBXBuildFile section */
		1DDD58160DA1D0A300B32029 /* MainMenu.xib in Resources */ = {isa = PBXBuildFile; fileRef = 1DDD58140DA1D0A300B32029 /* MainMenu.xib */; };
		5B0791CC127225E100015EEB /* AuthenticatedCommand.m in Sources */ = {isa = PBXBuildFile; fileRef = 5B0791CB127225E100015EEB /* AuthenticatedCommand.m */; };
		5B07926C12722BD000015EEB /* Security.framework in Frameworks */ = {isa = PBXBuildFile; fileRef = 5B07926B12722BD000015EEB /* Security.framework */; };
		5B07927912722C0E00015EEB /* Security.framework in Frameworks */ = {isa = PBXBuildFile; fileRef = 5B07926B12722BD000015EEB /* Security.framework */; };
		5B16C2B612889A5E0038037C /* bullet-green.png in Resources */ = {isa = PBXBuildFile; fileRef = 5B16C2B512889A5E0038037C /* bullet-green.png */; };
		5B16C2BA12889ABC0038037C /* bullet-red.png in Resources */ = {isa = PBXBuildFile; fileRef = 5B16C2B712889ABC0038037C /* bullet-red.png */; };
		5B16C2BB12889ABC0038037C /* Icon.icns in Resources */ = {isa = PBXBuildFile; fileRef = 5B16C2B812889ABC0038037C /* Icon.icns */; };
		5B16C2BC12889ABC0038037C /* menu-icon.png in Resources */ = {isa = PBXBuildFile; fileRef = 5B16C2B912889ABC0038037C /* menu-icon.png */; };
		5B16C2C512889B080038037C /* CommandRunner.m in Sources */ = {isa = PBXBuildFile; fileRef = 5B16C2BE12889B080038037C /* CommandRunner.m */; };
		5B16C2C612889B080038037C /* JAProcessInfo.m in Sources */ = {isa = PBXBuildFile; fileRef = 5B16C2C012889B080038037C /* JAProcessInfo.m */; };
		5B16C2C712889B080038037C /* ServiceMonitorAppDelegate.m in Sources */ = {isa = PBXBuildFile; fileRef = 5B16C2C212889B080038037C /* ServiceMonitorAppDelegate.m */; };
		5B16C2C812889B080038037C /* ServiceMonitorMenuDelegate.m in Sources */ = {isa = PBXBuildFile; fileRef = 5B16C2C412889B080038037C /* ServiceMonitorMenuDelegate.m */; };
		5B16C2CA12889E130038037C /* ServiceDefaults.plist in Resources */ = {isa = PBXBuildFile; fileRef = 5B16C2C912889E130038037C /* ServiceDefaults.plist */; };
		5BB5DAD512730ACF00E140A2 /* Credits.txt in Resources */ = {isa = PBXBuildFile; fileRef = 5BB5DAD412730ACF00E140A2 /* Credits.txt */; };
		5BF0FE4D1289A91B002C5DAC /* AuthenticatedCommand in Resources */ = {isa = PBXBuildFile; fileRef = 5B0791BC1272259E00015EEB /* AuthenticatedCommand */; };
		8D11072B0486CEB800E47090 /* InfoPlist.strings in Resources */ = {isa = PBXBuildFile; fileRef = 089C165CFE840E0CC02AAC07 /* InfoPlist.strings */; };
		8D11072D0486CEB800E47090 /* main.m in Sources */ = {isa = PBXBuildFile; fileRef = 29B97316FDCFA39411CA2CEA /* main.m */; settings = {ATTRIBUTES = (); }; };
		8D11072F0486CEB800E47090 /* Cocoa.framework in Frameworks */ = {isa = PBXBuildFile; fileRef = 1058C7A1FEA54F0111CA2CBB /* Cocoa.framework */; };
/* End PBXBuildFile section */

/* Begin PBXContainerItemProxy section */
		5B0791D6127226FC00015EEB /* PBXContainerItemProxy */ = {
			isa = PBXContainerItemProxy;
			containerPortal = 29B97313FDCFA39411CA2CEA /* Project object */;
			proxyType = 1;
			remoteGlobalIDString = 5B0791BB1272259E00015EEB;
			remoteInfo = AuthenticatedCommand;
		};
/* End PBXContainerItemProxy section */

/* Begin PBXFileReference section */
		089C165DFE840E0CC02AAC07 /* English */ = {isa = PBXFileReference; fileEncoding = 4; lastKnownFileType = text.plist.strings; name = English; path = English.lproj/InfoPlist.strings; sourceTree = "<group>"; };
		1058C7A1FEA54F0111CA2CBB /* Cocoa.framework */ = {isa = PBXFileReference; lastKnownFileType = wrapper.framework; name = Cocoa.framework; path = /System/Library/Frameworks/Cocoa.framework; sourceTree = "<absolute>"; };
		13E42FB307B3F0F600E4EEF1 /* CoreData.framework */ = {isa = PBXFileReference; lastKnownFileType = wrapper.framework; name = CoreData.framework; path = /System/Library/Frameworks/CoreData.framework; sourceTree = "<absolute>"; };
		1DDD58150DA1D0A300B32029 /* English */ = {isa = PBXFileReference; lastKnownFileType = file.xib; name = English; path = English.lproj/MainMenu.xib; sourceTree = "<group>"; };
		256AC3F00F4B6AF500CF3369 /* ServiceMonitor_Prefix.pch */ = {isa = PBXFileReference; fileEncoding = 4; lastKnownFileType = sourcecode.c.h; path = ServiceMonitor_Prefix.pch; sourceTree = "<group>"; };
		29B97316FDCFA39411CA2CEA /* main.m */ = {isa = PBXFileReference; fileEncoding = 4; lastKnownFileType = sourcecode.c.objc; path = main.m; sourceTree = "<group>"; };
		29B97324FDCFA39411CA2CEA /* AppKit.framework */ = {isa = PBXFileReference; lastKnownFileType = wrapper.framework; name = AppKit.framework; path = /System/Library/Frameworks/AppKit.framework; sourceTree = "<absolute>"; };
		29B97325FDCFA39411CA2CEA /* Foundation.framework */ = {isa = PBXFileReference; lastKnownFileType = wrapper.framework; name = Foundation.framework; path = /System/Library/Frameworks/Foundation.framework; sourceTree = "<absolute>"; };
		5B0791BC1272259E00015EEB /* AuthenticatedCommand */ = {isa = PBXFileReference; explicitFileType = "compiled.mach-o.executable"; includeInIndex = 0; path = AuthenticatedCommand; sourceTree = BUILT_PRODUCTS_DIR; };
		5B0791CB127225E100015EEB /* AuthenticatedCommand.m */ = {isa = PBXFileReference; fileEncoding = 4; lastKnownFileType = sourcecode.c.objc; path = AuthenticatedCommand.m; sourceTree = "<group>"; };
		5B07926B12722BD000015EEB /* Security.framework */ = {isa = PBXFileReference; lastKnownFileType = wrapper.framework; name = Security.framework; path = System/Library/Frameworks/Security.framework; sourceTree = SDKROOT; };
		5B16C2B512889A5E0038037C /* bullet-green.png */ = {isa = PBXFileReference; lastKnownFileType = image.png; name = "bullet-green.png"; path = "Resources/bullet-green.png"; sourceTree = "<group>"; };
		5B16C2B712889ABC0038037C /* bullet-red.png */ = {isa = PBXFileReference; lastKnownFileType = image.png; name = "bullet-red.png"; path = "Resources/bullet-red.png"; sourceTree = "<group>"; };
		5B16C2B812889ABC0038037C /* Icon.icns */ = {isa = PBXFileReference; lastKnownFileType = image.icns; name = Icon.icns; path = Resources/Icon.icns; sourceTree = "<group>"; };
		5B16C2B912889ABC0038037C /* menu-icon.png */ = {isa = PBXFileReference; lastKnownFileType = image.png; name = "menu-icon.png"; path = "Resources/menu-icon.png"; sourceTree = "<group>"; };
		5B16C2BD12889B080038037C /* CommandRunner.h */ = {isa = PBXFileReference; fileEncoding = 4; lastKnownFileType = sourcecode.c.h; name = CommandRunner.h; path = Classes/CommandRunner.h; sourceTree = "<group>"; };
		5B16C2BE12889B080038037C /* CommandRunner.m */ = {isa = PBXFileReference; fileEncoding = 4; lastKnownFileType = sourcecode.c.objc; name = CommandRunner.m; path = Classes/CommandRunner.m; sourceTree = "<group>"; };
		5B16C2BF12889B080038037C /* JAProcessInfo.h */ = {isa = PBXFileReference; fileEncoding = 4; lastKnownFileType = sourcecode.c.h; name = JAProcessInfo.h; path = Classes/JAProcessInfo.h; sourceTree = "<group>"; };
		5B16C2C012889B080038037C /* JAProcessInfo.m */ = {isa = PBXFileReference; fileEncoding = 4; lastKnownFileType = sourcecode.c.objc; name = JAProcessInfo.m; path = Classes/JAProcessInfo.m; sourceTree = "<group>"; };
		5B16C2C112889B080038037C /* ServiceMonitorAppDelegate.h */ = {isa = PBXFileReference; fileEncoding = 4; lastKnownFileType = sourcecode.c.h; name = ServiceMonitorAppDelegate.h; path = Classes/ServiceMonitorAppDelegate.h; sourceTree = "<group>"; };
		5B16C2C212889B080038037C /* ServiceMonitorAppDelegate.m */ = {isa = PBXFileReference; fileEncoding = 4; lastKnownFileType = sourcecode.c.objc; name = ServiceMonitorAppDelegate.m; path = Classes/ServiceMonitorAppDelegate.m; sourceTree = "<group>"; };
		5B16C2C312889B080038037C /* ServiceMonitorMenuDelegate.h */ = {isa = PBXFileReference; fileEncoding = 4; lastKnownFileType = sourcecode.c.h; name = ServiceMonitorMenuDelegate.h; path = Classes/ServiceMonitorMenuDelegate.h; sourceTree = "<group>"; };
		5B16C2C412889B080038037C /* ServiceMonitorMenuDelegate.m */ = {isa = PBXFileReference; fileEncoding = 4; lastKnownFileType = sourcecode.c.objc; name = ServiceMonitorMenuDelegate.m; path = Classes/ServiceMonitorMenuDelegate.m; sourceTree = "<group>"; };
		5B16C2C912889E130038037C /* ServiceDefaults.plist */ = {isa = PBXFileReference; fileEncoding = 4; lastKnownFileType = text.plist.xml; name = ServiceDefaults.plist; path = Resources/ServiceDefaults.plist; sourceTree = "<group>"; };
		5BB5DAD412730ACF00E140A2 /* Credits.txt */ = {isa = PBXFileReference; fileEncoding = 4; lastKnownFileType = text; path = Credits.txt; sourceTree = "<group>"; };
		8D1107310486CEB800E47090 /* ServiceMonitor-Info.plist */ = {isa = PBXFileReference; fileEncoding = 4; lastKnownFileType = text.plist.xml; path = "ServiceMonitor-Info.plist"; sourceTree = "<group>"; };
		8D1107320486CEB800E47090 /* ServiceMonitor.app */ = {isa = PBXFileReference; explicitFileType = wrapper.application; includeInIndex = 0; path = ServiceMonitor.app; sourceTree = BUILT_PRODUCTS_DIR; };
/* End PBXFileReference section */

/* Begin PBXFrameworksBuildPhase section */
		5B0791BA1272259E00015EEB /* Frameworks */ = {
			isa = PBXFrameworksBuildPhase;
			buildActionMask = 2147483647;
			files = (
				5B07927912722C0E00015EEB /* Security.framework in Frameworks */,
			);
			runOnlyForDeploymentPostprocessing = 0;
		};
		8D11072E0486CEB800E47090 /* Frameworks */ = {
			isa = PBXFrameworksBuildPhase;
			buildActionMask = 2147483647;
			files = (
				8D11072F0486CEB800E47090 /* Cocoa.framework in Frameworks */,
				5B07926C12722BD000015EEB /* Security.framework in Frameworks */,
			);
			runOnlyForDeploymentPostprocessing = 0;
		};
/* End PBXFrameworksBuildPhase section */

/* Begin PBXGroup section */
		080E96DDFE201D6D7F000001 /* Classes */ = {
			isa = PBXGroup;
			children = (
				5B16C2BD12889B080038037C /* CommandRunner.h */,
				5B16C2BE12889B080038037C /* CommandRunner.m */,
				5B16C2BF12889B080038037C /* JAProcessInfo.h */,
				5B16C2C012889B080038037C /* JAProcessInfo.m */,
				5B16C2C112889B080038037C /* ServiceMonitorAppDelegate.h */,
				5B16C2C212889B080038037C /* ServiceMonitorAppDelegate.m */,
				5B16C2C312889B080038037C /* ServiceMonitorMenuDelegate.h */,
				5B16C2C412889B080038037C /* ServiceMonitorMenuDelegate.m */,
				5B0791CB127225E100015EEB /* AuthenticatedCommand.m */,
			);
			name = Classes;
			sourceTree = "<group>";
		};
		1058C7A0FEA54F0111CA2CBB /* Linked Frameworks */ = {
			isa = PBXGroup;
			children = (
				1058C7A1FEA54F0111CA2CBB /* Cocoa.framework */,
				5B07926B12722BD000015EEB /* Security.framework */,
			);
			name = "Linked Frameworks";
			sourceTree = "<group>";
		};
		1058C7A2FEA54F0111CA2CBB /* Other Frameworks */ = {
			isa = PBXGroup;
			children = (
				29B97324FDCFA39411CA2CEA /* AppKit.framework */,
				13E42FB307B3F0F600E4EEF1 /* CoreData.framework */,
				29B97325FDCFA39411CA2CEA /* Foundation.framework */,
			);
			name = "Other Frameworks";
			sourceTree = "<group>";
		};
		19C28FACFE9D520D11CA2CBB /* Products */ = {
			isa = PBXGroup;
			children = (
				8D1107320486CEB800E47090 /* ServiceMonitor.app */,
				5B0791BC1272259E00015EEB /* AuthenticatedCommand */,
			);
			name = Products;
			sourceTree = "<group>";
		};
		29B97314FDCFA39411CA2CEA /* ServiceMonitor */ = {
			isa = PBXGroup;
			children = (
				5BB5DADE12730B0900E140A2 /* Gfx */,
				080E96DDFE201D6D7F000001 /* Classes */,
				29B97315FDCFA39411CA2CEA /* Other Sources */,
				29B97317FDCFA39411CA2CEA /* Resources */,
				29B97323FDCFA39411CA2CEA /* Frameworks */,
				19C28FACFE9D520D11CA2CBB /* Products */,
			);
			name = ServiceMonitor;
			sourceTree = "<group>";
		};
		29B97315FDCFA39411CA2CEA /* Other Sources */ = {
			isa = PBXGroup;
			children = (
				256AC3F00F4B6AF500CF3369 /* ServiceMonitor_Prefix.pch */,
				29B97316FDCFA39411CA2CEA /* main.m */,
			);
			name = "Other Sources";
			sourceTree = "<group>";
		};
		29B97317FDCFA39411CA2CEA /* Resources */ = {
			isa = PBXGroup;
			children = (
				5B16C2C912889E130038037C /* ServiceDefaults.plist */,
				8D1107310486CEB800E47090 /* ServiceMonitor-Info.plist */,
				089C165CFE840E0CC02AAC07 /* InfoPlist.strings */,
				1DDD58140DA1D0A300B32029 /* MainMenu.xib */,
				5BB5DAD412730ACF00E140A2 /* Credits.txt */,
			);
			name = Resources;
			sourceTree = "<group>";
		};
		29B97323FDCFA39411CA2CEA /* Frameworks */ = {
			isa = PBXGroup;
			children = (
				1058C7A0FEA54F0111CA2CBB /* Linked Frameworks */,
				1058C7A2FEA54F0111CA2CBB /* Other Frameworks */,
			);
			name = Frameworks;
			sourceTree = "<group>";
		};
		5BB5DADE12730B0900E140A2 /* Gfx */ = {
			isa = PBXGroup;
			children = (
				5B16C2B712889ABC0038037C /* bullet-red.png */,
				5B16C2B812889ABC0038037C /* Icon.icns */,
				5B16C2B912889ABC0038037C /* menu-icon.png */,
				5B16C2B512889A5E0038037C /* bullet-green.png */,
			);
			name = Gfx;
			sourceTree = "<group>";
		};
/* End PBXGroup section */

/* Begin PBXNativeTarget section */
		5B0791BB1272259E00015EEB /* AuthenticatedCommand */ = {
			isa = PBXNativeTarget;
			buildConfigurationList = 5B0791CA127225A100015EEB /* Build configuration list for PBXNativeTarget "AuthenticatedCommand" */;
			buildPhases = (
				5B0791B91272259E00015EEB /* Sources */,
				5B0791BA1272259E00015EEB /* Frameworks */,
			);
			buildRules = (
			);
			dependencies = (
			);
			name = AuthenticatedCommand;
			productName = AuthenticatedCommand;
			productReference = 5B0791BC1272259E00015EEB /* AuthenticatedCommand */;
			productType = "com.apple.product-type.tool";
		};
		8D1107260486CEB800E47090 /* ServiceMonitor */ = {
			isa = PBXNativeTarget;
			buildConfigurationList = C01FCF4A08A954540054247B /* Build configuration list for PBXNativeTarget "ServiceMonitor" */;
			buildPhases = (
				8D1107290486CEB800E47090 /* Resources */,
				8D11072C0486CEB800E47090 /* Sources */,
				8D11072E0486CEB800E47090 /* Frameworks */,
			);
			buildRules = (
			);
			dependencies = (
				5B0791D7127226FC00015EEB /* PBXTargetDependency */,
			);
			name = ServiceMonitor;
			productInstallPath = "$(HOME)/Applications";
			productName = ServiceMonitor;
			productReference = 8D1107320486CEB800E47090 /* ServiceMonitor.app */;
			productType = "com.apple.product-type.application";
		};
/* End PBXNativeTarget section */

/* Begin PBXProject section */
		29B97313FDCFA39411CA2CEA /* Project object */ = {
			isa = PBXProject;
			buildConfigurationList = C01FCF4E08A954540054247B /* Build configuration list for PBXProject "ServiceMonitor" */;
			compatibilityVersion = "Xcode 3.1";
			developmentRegion = English;
			hasScannedForEncodings = 1;
			knownRegions = (
				English,
				Japanese,
				French,
				German,
			);
			mainGroup = 29B97314FDCFA39411CA2CEA /* ServiceMonitor */;
			projectDirPath = "";
			projectRoot = "";
			targets = (
				8D1107260486CEB800E47090 /* ServiceMonitor */,
				5B0791BB1272259E00015EEB /* AuthenticatedCommand */,
			);
		};
/* End PBXProject section */

/* Begin PBXResourcesBuildPhase section */
		8D1107290486CEB800E47090 /* Resources */ = {
			isa = PBXResourcesBuildPhase;
			buildActionMask = 2147483647;
			files = (
				5BF0FE4D1289A91B002C5DAC /* AuthenticatedCommand in Resources */,
				8D11072B0486CEB800E47090 /* InfoPlist.strings in Resources */,
				1DDD58160DA1D0A300B32029 /* MainMenu.xib in Resources */,
				5BB5DAD512730ACF00E140A2 /* Credits.txt in Resources */,
				5B16C2B612889A5E0038037C /* bullet-green.png in Resources */,
				5B16C2BA12889ABC0038037C /* bullet-red.png in Resources */,
				5B16C2BB12889ABC0038037C /* Icon.icns in Resources */,
				5B16C2BC12889ABC0038037C /* menu-icon.png in Resources */,
				5B16C2CA12889E130038037C /* ServiceDefaults.plist in Resources */,
			);
			runOnlyForDeploymentPostprocessing = 0;
		};
/* End PBXResourcesBuildPhase section */

/* Begin PBXSourcesBuildPhase section */
		5B0791B91272259E00015EEB /* Sources */ = {
			isa = PBXSourcesBuildPhase;
			buildActionMask = 2147483647;
			files = (
				5B0791CC127225E100015EEB /* AuthenticatedCommand.m in Sources */,
			);
			runOnlyForDeploymentPostprocessing = 0;
		};
		8D11072C0486CEB800E47090 /* Sources */ = {
			isa = PBXSourcesBuildPhase;
			buildActionMask = 2147483647;
			files = (
				8D11072D0486CEB800E47090 /* main.m in Sources */,
				5B16C2C512889B080038037C /* CommandRunner.m in Sources */,
				5B16C2C612889B080038037C /* JAProcessInfo.m in Sources */,
				5B16C2C712889B080038037C /* ServiceMonitorAppDelegate.m in Sources */,
				5B16C2C812889B080038037C /* ServiceMonitorMenuDelegate.m in Sources */,
			);
			runOnlyForDeploymentPostprocessing = 0;
		};
/* End PBXSourcesBuildPhase section */

/* Begin PBXTargetDependency section */
		5B0791D7127226FC00015EEB /* PBXTargetDependency */ = {
			isa = PBXTargetDependency;
			target = 5B0791BB1272259E00015EEB /* AuthenticatedCommand */;
			targetProxy = 5B0791D6127226FC00015EEB /* PBXContainerItemProxy */;
		};
/* End PBXTargetDependency section */

/* Begin PBXVariantGroup section */
		089C165CFE840E0CC02AAC07 /* InfoPlist.strings */ = {
			isa = PBXVariantGroup;
			children = (
				089C165DFE840E0CC02AAC07 /* English */,
			);
			name = InfoPlist.strings;
			sourceTree = "<group>";
		};
		1DDD58140DA1D0A300B32029 /* MainMenu.xib */ = {
			isa = PBXVariantGroup;
			children = (
				1DDD58150DA1D0A300B32029 /* English */,
			);
			name = MainMenu.xib;
			sourceTree = "<group>";
		};
/* End PBXVariantGroup section */

/* Begin XCBuildConfiguration section */
		5B0791BE1272259F00015EEB /* Debug */ = {
			isa = XCBuildConfiguration;
			buildSettings = {
				ALWAYS_SEARCH_USER_PATHS = NO;
				COPY_PHASE_STRIP = NO;
				GCC_DYNAMIC_NO_PIC = NO;
				GCC_ENABLE_FIX_AND_CONTINUE = YES;
				GCC_MODEL_TUNING = G5;
				GCC_OPTIMIZATION_LEVEL = 0;
				GCC_PRECOMPILE_PREFIX_HEADER = YES;
				GCC_PREFIX_HEADER = "$(SYSTEM_LIBRARY_DIR)/Frameworks/AppKit.framework/Headers/AppKit.h";
				INSTALL_PATH = /usr/local/bin;
				OTHER_LDFLAGS = (
					"-framework",
					Foundation,
					"-framework",
					AppKit,
				);
				PREBINDING = NO;
				PRODUCT_NAME = AuthenticatedCommand;
			};
			name = Debug;
		};
		5B0791BF1272259F00015EEB /* Release */ = {
			isa = XCBuildConfiguration;
			buildSettings = {
				ALWAYS_SEARCH_USER_PATHS = NO;
				COPY_PHASE_STRIP = YES;
				DEBUG_INFORMATION_FORMAT = "dwarf-with-dsym";
				GCC_ENABLE_FIX_AND_CONTINUE = NO;
				GCC_MODEL_TUNING = G5;
				GCC_PRECOMPILE_PREFIX_HEADER = YES;
				GCC_PREFIX_HEADER = "$(SYSTEM_LIBRARY_DIR)/Frameworks/AppKit.framework/Headers/AppKit.h";
				INSTALL_PATH = /usr/local/bin;
				OTHER_LDFLAGS = (
					"-framework",
					Foundation,
					"-framework",
					AppKit,
				);
				PREBINDING = NO;
				PRODUCT_NAME = AuthenticatedCommand;
				ZERO_LINK = NO;
			};
			name = Release;
		};
		C01FCF4B08A954540054247B /* Debug */ = {
			isa = XCBuildConfiguration;
			buildSettings = {
				ALWAYS_SEARCH_USER_PATHS = NO;
				COPY_PHASE_STRIP = NO;
				GCC_DYNAMIC_NO_PIC = NO;
				GCC_ENABLE_FIX_AND_CONTINUE = YES;
				GCC_MODEL_TUNING = G5;
				GCC_OPTIMIZATION_LEVEL = 0;
				GCC_PRECOMPILE_PREFIX_HEADER = YES;
				GCC_PREFIX_HEADER = ServiceMonitor_Prefix.pch;
				INFOPLIST_FILE = "ServiceMonitor-Info.plist";
				INSTALL_PATH = "$(HOME)/Applications";
				PRODUCT_NAME = ServiceMonitor;
			};
			name = Debug;
		};
		C01FCF4C08A954540054247B /* Release */ = {
			isa = XCBuildConfiguration;
			buildSettings = {
				ALWAYS_SEARCH_USER_PATHS = NO;
				DEBUG_INFORMATION_FORMAT = "dwarf-with-dsym";
				GCC_MODEL_TUNING = G5;
				GCC_PRECOMPILE_PREFIX_HEADER = YES;
				GCC_PREFIX_HEADER = ServiceMonitor_Prefix.pch;
				INFOPLIST_FILE = "ServiceMonitor-Info.plist";
				INSTALL_PATH = "$(HOME)/Applications";
				PRODUCT_NAME = ServiceMonitor;
			};
			name = Release;
		};
		C01FCF4F08A954540054247B /* Debug */ = {
			isa = XCBuildConfiguration;
			buildSettings = {
				ARCHS = "$(ARCHS_STANDARD_32_64_BIT)";
				GCC_C_LANGUAGE_STANDARD = gnu99;
				GCC_OPTIMIZATION_LEVEL = 0;
				GCC_WARN_ABOUT_RETURN_TYPE = YES;
				GCC_WARN_UNUSED_VARIABLE = YES;
				ONLY_ACTIVE_ARCH = YES;
				PREBINDING = NO;
				SDKROOT = macosx10.6;
			};
			name = Debug;
		};
		C01FCF5008A954540054247B /* Release */ = {
			isa = XCBuildConfiguration;
			buildSettings = {
				ARCHS = "$(ARCHS_STANDARD_32_64_BIT)";
				GCC_C_LANGUAGE_STANDARD = gnu99;
				GCC_WARN_ABOUT_RETURN_TYPE = YES;
				GCC_WARN_UNUSED_VARIABLE = YES;
				PREBINDING = NO;
				SDKROOT = macosx10.6;
			};
			name = Release;
		};
/* End XCBuildConfiguration section */

/* Begin XCConfigurationList section */
		5B0791CA127225A100015EEB /* Build configuration list for PBXNativeTarget "AuthenticatedCommand" */ = {
			isa = XCConfigurationList;
			buildConfigurations = (
				5B0791BE1272259F00015EEB /* Debug */,
				5B0791BF1272259F00015EEB /* Release */,
			);
			defaultConfigurationIsVisible = 0;
			defaultConfigurationName = Release;
		};
		C01FCF4A08A954540054247B /* Build configuration list for PBXNativeTarget "ServiceMonitor" */ = {
			isa = XCConfigurationList;
			buildConfigurations = (
				C01FCF4B08A954540054247B /* Debug */,
				C01FCF4C08A954540054247B /* Release */,
			);
			defaultConfigurationIsVisible = 0;
			defaultConfigurationName = Release;
		};
		C01FCF4E08A954540054247B /* Build configuration list for PBXProject "ServiceMonitor" */ = {
			isa = XCConfigurationList;
			buildConfigurations = (
				C01FCF4F08A954540054247B /* Debug */,
				C01FCF5008A954540054247B /* Release */,
			);
			defaultConfigurationIsVisible = 0;
			defaultConfigurationName = Release;
		};
/* End XCConfigurationList section */
	};
	rootObject = 29B97313FDCFA39411CA2CEA /* Project object */;
}
